// !$*UTF8*$!
{
	archiveVersion = 1;
	classes = {
	};
	objectVersion = 77;
	objects = {

/* Begin PBXBuildFile section */
		6BB7C9A32D4FBCC50019709B /* ConsumptionApp Watch App.app in Embed Watch Content */ = {isa = PBXBuildFile; fileRef = 6BB7C9A22D4FBCC50019709B /* ConsumptionApp Watch App.app */; settings = {ATTRIBUTES = (RemoveHeadersOnCopy, ); }; };
/* End PBXBuildFile section */

/* Begin PBXContainerItemProxy section */
		6BB7C9A42D4FBCC50019709B /* PBXContainerItemProxy */ = {
			isa = PBXContainerItemProxy;
			containerPortal = 6BB7C9962D4FBCC50019709B /* Project object */;
			proxyType = 1;
			remoteGlobalIDString = 6BB7C9A12D4FBCC50019709B;
			remoteInfo = "ConsumptionApp Watch App";
		};
		6BB7C9B52D4FBCC80019709B /* PBXContainerItemProxy */ = {
			isa = PBXContainerItemProxy;
			containerPortal = 6BB7C9962D4FBCC50019709B /* Project object */;
			proxyType = 1;
			remoteGlobalIDString = 6BB7C9A12D4FBCC50019709B;
			remoteInfo = "ConsumptionApp Watch App";
		};
		6BB7C9BF2D4FBCC80019709B /* PBXContainerItemProxy */ = {
			isa = PBXContainerItemProxy;
			containerPortal = 6BB7C9962D4FBCC50019709B /* Project object */;
			proxyType = 1;
			remoteGlobalIDString = 6BB7C9A12D4FBCC50019709B;
			remoteInfo = "ConsumptionApp Watch App";
		};
/* End PBXContainerItemProxy section */

/* Begin PBXCopyFilesBuildPhase section */
		6BB7C9CB2D4FBCC80019709B /* Embed Watch Content */ = {
			isa = PBXCopyFilesBuildPhase;
			buildActionMask = 2147483647;
			dstPath = "$(CONTENTS_FOLDER_PATH)/Watch";
			dstSubfolderSpec = 16;
			files = (
				6BB7C9A32D4FBCC50019709B /* ConsumptionApp Watch App.app in Embed Watch Content */,
			);
			name = "Embed Watch Content";
			runOnlyForDeploymentPostprocessing = 0;
		};
/* End PBXCopyFilesBuildPhase section */

/* Begin PBXFileReference section */
		6BB7C99C2D4FBCC50019709B /* ConsumptionApp.app */ = {isa = PBXFileReference; explicitFileType = wrapper.application; includeInIndex = 0; path = ConsumptionApp.app; sourceTree = BUILT_PRODUCTS_DIR; };
		6BB7C9A22D4FBCC50019709B /* ConsumptionApp Watch App.app */ = {isa = PBXFileReference; explicitFileType = wrapper.application; includeInIndex = 0; path = "ConsumptionApp Watch App.app"; sourceTree = BUILT_PRODUCTS_DIR; };
		6BB7C9B42D4FBCC80019709B /* ConsumptionApp Watch AppTests.xctest */ = {isa = PBXFileReference; explicitFileType = wrapper.cfbundle; includeInIndex = 0; path = "ConsumptionApp Watch AppTests.xctest"; sourceTree = BUILT_PRODUCTS_DIR; };
		6BB7C9BE2D4FBCC80019709B /* ConsumptionApp Watch AppUITests.xctest */ = {isa = PBXFileReference; explicitFileType = wrapper.cfbundle; includeInIndex = 0; path = "ConsumptionApp Watch AppUITests.xctest"; sourceTree = BUILT_PRODUCTS_DIR; };
/* End PBXFileReference section */

/* Begin PBXFileSystemSynchronizedRootGroup section */
		6BB7C9A62D4FBCC50019709B /* ConsumptionApp Watch App */ = {
			isa = PBXFileSystemSynchronizedRootGroup;
			path = "ConsumptionApp Watch App";
			sourceTree = "<group>";
		};
		6BB7C9B72D4FBCC80019709B /* ConsumptionApp Watch AppTests */ = {
			isa = PBXFileSystemSynchronizedRootGroup;
			path = "ConsumptionApp Watch AppTests";
			sourceTree = "<group>";
		};
		6BB7C9C12D4FBCC80019709B /* ConsumptionApp Watch AppUITests */ = {
			isa = PBXFileSystemSynchronizedRootGroup;
			path = "ConsumptionApp Watch AppUITests";
			sourceTree = "<group>";
		};
/* End PBXFileSystemSynchronizedRootGroup section */

/* Begin PBXFrameworksBuildPhase section */
		6BB7C99F2D4FBCC50019709B /* Frameworks */ = {
			isa = PBXFrameworksBuildPhase;
			buildActionMask = 2147483647;
			files = (
			);
			runOnlyForDeploymentPostprocessing = 0;
		};
		6BB7C9B12D4FBCC80019709B /* Frameworks */ = {
			isa = PBXFrameworksBuildPhase;
			buildActionMask = 2147483647;
			files = (
			);
			runOnlyForDeploymentPostprocessing = 0;
		};
		6BB7C9BB2D4FBCC80019709B /* Frameworks */ = {
			isa = PBXFrameworksBuildPhase;
			buildActionMask = 2147483647;
			files = (
			);
			runOnlyForDeploymentPostprocessing = 0;
		};
/* End PBXFrameworksBuildPhase section */

/* Begin PBXGroup section */
		6BB7C9952D4FBCC50019709B = {
			isa = PBXGroup;
			children = (
				6BB7C9A62D4FBCC50019709B /* ConsumptionApp Watch App */,
				6BB7C9B72D4FBCC80019709B /* ConsumptionApp Watch AppTests */,
				6BB7C9C12D4FBCC80019709B /* ConsumptionApp Watch AppUITests */,
				6BB7C99D2D4FBCC50019709B /* Products */,
			);
			sourceTree = "<group>";
		};
		6BB7C99D2D4FBCC50019709B /* Products */ = {
			isa = PBXGroup;
			children = (
				6BB7C99C2D4FBCC50019709B /* ConsumptionApp.app */,
				6BB7C9A22D4FBCC50019709B /* ConsumptionApp Watch App.app */,
				6BB7C9B42D4FBCC80019709B /* ConsumptionApp Watch AppTests.xctest */,
				6BB7C9BE2D4FBCC80019709B /* ConsumptionApp Watch AppUITests.xctest */,
			);
			name = Products;
			sourceTree = "<group>";
		};
/* End PBXGroup section */

/* Begin PBXNativeTarget section */
		6BB7C99B2D4FBCC50019709B /* ConsumptionApp */ = {
			isa = PBXNativeTarget;
			buildConfigurationList = 6BB7C9CC2D4FBCC80019709B /* Build configuration list for PBXNativeTarget "ConsumptionApp" */;
			buildPhases = (
				6BB7C99A2D4FBCC50019709B /* Resources */,
				6BB7C9CB2D4FBCC80019709B /* Embed Watch Content */,
			);
			buildRules = (
			);
			dependencies = (
				6BB7C9A52D4FBCC50019709B /* PBXTargetDependency */,
			);
			name = ConsumptionApp;
			packageProductDependencies = (
			);
			productName = ConsumptionApp;
			productReference = 6BB7C99C2D4FBCC50019709B /* ConsumptionApp.app */;
			productType = "com.apple.product-type.application.watchapp2-container";
		};
		6BB7C9A12D4FBCC50019709B /* ConsumptionApp Watch App */ = {
			isa = PBXNativeTarget;
			buildConfigurationList = 6BB7C9C82D4FBCC80019709B /* Build configuration list for PBXNativeTarget "ConsumptionApp Watch App" */;
			buildPhases = (
				6BB7C99E2D4FBCC50019709B /* Sources */,
				6BB7C99F2D4FBCC50019709B /* Frameworks */,
				6BB7C9A02D4FBCC50019709B /* Resources */,
			);
			buildRules = (
			);
			dependencies = (
			);
			fileSystemSynchronizedGroups = (
				6BB7C9A62D4FBCC50019709B /* ConsumptionApp Watch App */,
			);
			name = "ConsumptionApp Watch App";
			packageProductDependencies = (
			);
			productName = "ConsumptionApp Watch App";
			productReference = 6BB7C9A22D4FBCC50019709B /* ConsumptionApp Watch App.app */;
			productType = "com.apple.product-type.application";
		};
		6BB7C9B32D4FBCC80019709B /* ConsumptionApp Watch AppTests */ = {
			isa = PBXNativeTarget;
			buildConfigurationList = 6BB7C9CF2D4FBCC80019709B /* Build configuration list for PBXNativeTarget "ConsumptionApp Watch AppTests" */;
			buildPhases = (
				6BB7C9B02D4FBCC80019709B /* Sources */,
				6BB7C9B12D4FBCC80019709B /* Frameworks */,
				6BB7C9B22D4FBCC80019709B /* Resources */,
			);
			buildRules = (
			);
			dependencies = (
				6BB7C9B62D4FBCC80019709B /* PBXTargetDependency */,
			);
			fileSystemSynchronizedGroups = (
				6BB7C9B72D4FBCC80019709B /* ConsumptionApp Watch AppTests */,
			);
			name = "ConsumptionApp Watch AppTests";
			packageProductDependencies = (
			);
			productName = "ConsumptionApp Watch AppTests";
			productReference = 6BB7C9B42D4FBCC80019709B /* ConsumptionApp Watch AppTests.xctest */;
			productType = "com.apple.product-type.bundle.unit-test";
		};
		6BB7C9BD2D4FBCC80019709B /* ConsumptionApp Watch AppUITests */ = {
			isa = PBXNativeTarget;
			buildConfigurationList = 6BB7C9D22D4FBCC80019709B /* Build configuration list for PBXNativeTarget "ConsumptionApp Watch AppUITests" */;
			buildPhases = (
				6BB7C9BA2D4FBCC80019709B /* Sources */,
				6BB7C9BB2D4FBCC80019709B /* Frameworks */,
				6BB7C9BC2D4FBCC80019709B /* Resources */,
			);
			buildRules = (
			);
			dependencies = (
				6BB7C9C02D4FBCC80019709B /* PBXTargetDependency */,
			);
			fileSystemSynchronizedGroups = (
				6BB7C9C12D4FBCC80019709B /* ConsumptionApp Watch AppUITests */,
			);
			name = "ConsumptionApp Watch AppUITests";
			packageProductDependencies = (
			);
			productName = "ConsumptionApp Watch AppUITests";
			productReference = 6BB7C9BE2D4FBCC80019709B /* ConsumptionApp Watch AppUITests.xctest */;
			productType = "com.apple.product-type.bundle.ui-testing";
		};
/* End PBXNativeTarget section */

/* Begin PBXProject section */
		6BB7C9962D4FBCC50019709B /* Project object */ = {
			isa = PBXProject;
			attributes = {
				BuildIndependentTargetsInParallel = 1;
				LastSwiftUpdateCheck = 1620;
				LastUpgradeCheck = 1620;
				TargetAttributes = {
					6BB7C99B2D4FBCC50019709B = {
						CreatedOnToolsVersion = 16.2;
					};
					6BB7C9A12D4FBCC50019709B = {
						CreatedOnToolsVersion = 16.2;
					};
					6BB7C9B32D4FBCC80019709B = {
						CreatedOnToolsVersion = 16.2;
						TestTargetID = 6BB7C9A12D4FBCC50019709B;
					};
					6BB7C9BD2D4FBCC80019709B = {
						CreatedOnToolsVersion = 16.2;
						TestTargetID = 6BB7C9A12D4FBCC50019709B;
					};
				};
			};
			buildConfigurationList = 6BB7C9992D4FBCC50019709B /* Build configuration list for PBXProject "ConsumptionApp" */;
			developmentRegion = en;
			hasScannedForEncodings = 0;
			knownRegions = (
				en,
				Base,
			);
			mainGroup = 6BB7C9952D4FBCC50019709B;
			minimizedProjectReferenceProxies = 1;
			preferredProjectObjectVersion = 77;
			productRefGroup = 6BB7C99D2D4FBCC50019709B /* Products */;
			projectDirPath = "";
			projectRoot = "";
			targets = (
				6BB7C99B2D4FBCC50019709B /* ConsumptionApp */,
				6BB7C9A12D4FBCC50019709B /* ConsumptionApp Watch App */,
				6BB7C9B32D4FBCC80019709B /* ConsumptionApp Watch AppTests */,
				6BB7C9BD2D4FBCC80019709B /* ConsumptionApp Watch AppUITests */,
			);
		};
/* End PBXProject section */

/* Begin PBXResourcesBuildPhase section */
		6BB7C99A2D4FBCC50019709B /* Resources */ = {
			isa = PBXResourcesBuildPhase;
			buildActionMask = 2147483647;
			files = (
			);
			runOnlyForDeploymentPostprocessing = 0;
		};
		6BB7C9A02D4FBCC50019709B /* Resources */ = {
			isa = PBXResourcesBuildPhase;
			buildActionMask = 2147483647;
			files = (
			);
			runOnlyForDeploymentPostprocessing = 0;
		};
		6BB7C9B22D4FBCC80019709B /* Resources */ = {
			isa = PBXResourcesBuildPhase;
			buildActionMask = 2147483647;
			files = (
			);
			runOnlyForDeploymentPostprocessing = 0;
		};
		6BB7C9BC2D4FBCC80019709B /* Resources */ = {
			isa = PBXResourcesBuildPhase;
			buildActionMask = 2147483647;
			files = (
			);
			runOnlyForDeploymentPostprocessing = 0;
		};
/* End PBXResourcesBuildPhase section */

/* Begin PBXSourcesBuildPhase section */
		6BB7C99E2D4FBCC50019709B /* Sources */ = {
			isa = PBXSourcesBuildPhase;
			buildActionMask = 2147483647;
			files = (
			);
			runOnlyForDeploymentPostprocessing = 0;
		};
		6BB7C9B02D4FBCC80019709B /* Sources */ = {
			isa = PBXSourcesBuildPhase;
			buildActionMask = 2147483647;
			files = (
			);
			runOnlyForDeploymentPostprocessing = 0;
		};
		6BB7C9BA2D4FBCC80019709B /* Sources */ = {
			isa = PBXSourcesBuildPhase;
			buildActionMask = 2147483647;
			files = (
			);
			runOnlyForDeploymentPostprocessing = 0;
		};
/* End PBXSourcesBuildPhase section */

/* Begin PBXTargetDependency section */
		6BB7C9A52D4FBCC50019709B /* PBXTargetDependency */ = {
			isa = PBXTargetDependency;
			target = 6BB7C9A12D4FBCC50019709B /* ConsumptionApp Watch App */;
			targetProxy = 6BB7C9A42D4FBCC50019709B /* PBXContainerItemProxy */;
		};
		6BB7C9B62D4FBCC80019709B /* PBXTargetDependency */ = {
			isa = PBXTargetDependency;
			target = 6BB7C9A12D4FBCC50019709B /* ConsumptionApp Watch App */;
			targetProxy = 6BB7C9B52D4FBCC80019709B /* PBXContainerItemProxy */;
		};
		6BB7C9C02D4FBCC80019709B /* PBXTargetDependency */ = {
			isa = PBXTargetDependency;
			target = 6BB7C9A12D4FBCC50019709B /* ConsumptionApp Watch App */;
			targetProxy = 6BB7C9BF2D4FBCC80019709B /* PBXContainerItemProxy */;
		};
/* End PBXTargetDependency section */

/* Begin XCBuildConfiguration section */
		6BB7C9C62D4FBCC80019709B /* Debug */ = {
			isa = XCBuildConfiguration;
			buildSettings = {
				ALWAYS_SEARCH_USER_PATHS = NO;
				ASSETCATALOG_COMPILER_GENERATE_SWIFT_ASSET_SYMBOL_EXTENSIONS = YES;
				CLANG_ANALYZER_NONNULL = YES;
				CLANG_ANALYZER_NUMBER_OBJECT_CONVERSION = YES_AGGRESSIVE;
				CLANG_CXX_LANGUAGE_STANDARD = "gnu++20";
				CLANG_ENABLE_MODULES = YES;
				CLANG_ENABLE_OBJC_ARC = YES;
				CLANG_ENABLE_OBJC_WEAK = YES;
				CLANG_WARN_BLOCK_CAPTURE_AUTORELEASING = YES;
				CLANG_WARN_BOOL_CONVERSION = YES;
				CLANG_WARN_COMMA = YES;
				CLANG_WARN_CONSTANT_CONVERSION = YES;
				CLANG_WARN_DEPRECATED_OBJC_IMPLEMENTATIONS = YES;
				CLANG_WARN_DIRECT_OBJC_ISA_USAGE = YES_ERROR;
				CLANG_WARN_DOCUMENTATION_COMMENTS = YES;
				CLANG_WARN_EMPTY_BODY = YES;
				CLANG_WARN_ENUM_CONVERSION = YES;
				CLANG_WARN_INFINITE_RECURSION = YES;
				CLANG_WARN_INT_CONVERSION = YES;
				CLANG_WARN_NON_LITERAL_NULL_CONVERSION = YES;
				CLANG_WARN_OBJC_IMPLICIT_RETAIN_SELF = YES;
				CLANG_WARN_OBJC_LITERAL_CONVERSION = YES;
				CLANG_WARN_OBJC_ROOT_CLASS = YES_ERROR;
				CLANG_WARN_QUOTED_INCLUDE_IN_FRAMEWORK_HEADER = YES;
				CLANG_WARN_RANGE_LOOP_ANALYSIS = YES;
				CLANG_WARN_STRICT_PROTOTYPES = YES;
				CLANG_WARN_SUSPICIOUS_MOVE = YES;
				CLANG_WARN_UNGUARDED_AVAILABILITY = YES_AGGRESSIVE;
				CLANG_WARN_UNREACHABLE_CODE = YES;
				CLANG_WARN__DUPLICATE_METHOD_MATCH = YES;
				COPY_PHASE_STRIP = NO;
				DEBUG_INFORMATION_FORMAT = dwarf;
				ENABLE_STRICT_OBJC_MSGSEND = YES;
				ENABLE_TESTABILITY = YES;
				ENABLE_USER_SCRIPT_SANDBOXING = YES;
				GCC_C_LANGUAGE_STANDARD = gnu17;
				GCC_DYNAMIC_NO_PIC = NO;
				GCC_NO_COMMON_BLOCKS = YES;
				GCC_OPTIMIZATION_LEVEL = 0;
				GCC_PREPROCESSOR_DEFINITIONS = (
					"DEBUG=1",
					"$(inherited)",
				);
				GCC_WARN_64_TO_32_BIT_CONVERSION = YES;
				GCC_WARN_ABOUT_RETURN_TYPE = YES_ERROR;
				GCC_WARN_UNDECLARED_SELECTOR = YES;
				GCC_WARN_UNINITIALIZED_AUTOS = YES_AGGRESSIVE;
				GCC_WARN_UNUSED_FUNCTION = YES;
				GCC_WARN_UNUSED_VARIABLE = YES;
				LOCALIZATION_PREFERS_STRING_CATALOGS = YES;
				MTL_ENABLE_DEBUG_INFO = INCLUDE_SOURCE;
				MTL_FAST_MATH = YES;
				ONLY_ACTIVE_ARCH = YES;
				SWIFT_ACTIVE_COMPILATION_CONDITIONS = "DEBUG $(inherited)";
				SWIFT_OPTIMIZATION_LEVEL = "-Onone";
			};
			name = Debug;
		};
		6BB7C9C72D4FBCC80019709B /* Release */ = {
			isa = XCBuildConfiguration;
			buildSettings = {
				ALWAYS_SEARCH_USER_PATHS = NO;
				ASSETCATALOG_COMPILER_GENERATE_SWIFT_ASSET_SYMBOL_EXTENSIONS = YES;
				CLANG_ANALYZER_NONNULL = YES;
				CLANG_ANALYZER_NUMBER_OBJECT_CONVERSION = YES_AGGRESSIVE;
				CLANG_CXX_LANGUAGE_STANDARD = "gnu++20";
				CLANG_ENABLE_MODULES = YES;
				CLANG_ENABLE_OBJC_ARC = YES;
				CLANG_ENABLE_OBJC_WEAK = YES;
				CLANG_WARN_BLOCK_CAPTURE_AUTORELEASING = YES;
				CLANG_WARN_BOOL_CONVERSION = YES;
				CLANG_WARN_COMMA = YES;
				CLANG_WARN_CONSTANT_CONVERSION = YES;
				CLANG_WARN_DEPRECATED_OBJC_IMPLEMENTATIONS = YES;
				CLANG_WARN_DIRECT_OBJC_ISA_USAGE = YES_ERROR;
				CLANG_WARN_DOCUMENTATION_COMMENTS = YES;
				CLANG_WARN_EMPTY_BODY = YES;
				CLANG_WARN_ENUM_CONVERSION = YES;
				CLANG_WARN_INFINITE_RECURSION = YES;
				CLANG_WARN_INT_CONVERSION = YES;
				CLANG_WARN_NON_LITERAL_NULL_CONVERSION = YES;
				CLANG_WARN_OBJC_IMPLICIT_RETAIN_SELF = YES;
				CLANG_WARN_OBJC_LITERAL_CONVERSION = YES;
				CLANG_WARN_OBJC_ROOT_CLASS = YES_ERROR;
				CLANG_WARN_QUOTED_INCLUDE_IN_FRAMEWORK_HEADER = YES;
				CLANG_WARN_RANGE_LOOP_ANALYSIS = YES;
				CLANG_WARN_STRICT_PROTOTYPES = YES;
				CLANG_WARN_SUSPICIOUS_MOVE = YES;
				CLANG_WARN_UNGUARDED_AVAILABILITY = YES_AGGRESSIVE;
				CLANG_WARN_UNREACHABLE_CODE = YES;
				CLANG_WARN__DUPLICATE_METHOD_MATCH = YES;
				COPY_PHASE_STRIP = NO;
				DEBUG_INFORMATION_FORMAT = "dwarf-with-dsym";
				ENABLE_NS_ASSERTIONS = NO;
				ENABLE_STRICT_OBJC_MSGSEND = YES;
				ENABLE_USER_SCRIPT_SANDBOXING = YES;
				GCC_C_LANGUAGE_STANDARD = gnu17;
				GCC_NO_COMMON_BLOCKS = YES;
				GCC_WARN_64_TO_32_BIT_CONVERSION = YES;
				GCC_WARN_ABOUT_RETURN_TYPE = YES_ERROR;
				GCC_WARN_UNDECLARED_SELECTOR = YES;
				GCC_WARN_UNINITIALIZED_AUTOS = YES_AGGRESSIVE;
				GCC_WARN_UNUSED_FUNCTION = YES;
				GCC_WARN_UNUSED_VARIABLE = YES;
				LOCALIZATION_PREFERS_STRING_CATALOGS = YES;
				MTL_ENABLE_DEBUG_INFO = NO;
				MTL_FAST_MATH = YES;
				SWIFT_COMPILATION_MODE = wholemodule;
			};
			name = Release;
		};
		6BB7C9C92D4FBCC80019709B /* Debug */ = {
			isa = XCBuildConfiguration;
			buildSettings = {
				ASSETCATALOG_COMPILER_APPICON_NAME = AppIcon;
				ASSETCATALOG_COMPILER_GLOBAL_ACCENT_COLOR_NAME = AccentColor;
				CODE_SIGN_STYLE = Automatic;
				CURRENT_PROJECT_VERSION = 1;
				DEVELOPMENT_ASSET_PATHS = "\"ConsumptionApp Watch App/Preview Content\"";
				ENABLE_PREVIEWS = YES;
				GENERATE_INFOPLIST_FILE = YES;
				INFOPLIST_KEY_CFBundleDisplayName = ConsumptionApp;
				INFOPLIST_KEY_UISupportedInterfaceOrientations = "UIInterfaceOrientationPortrait UIInterfaceOrientationPortraitUpsideDown";
				INFOPLIST_KEY_WKWatchOnly = YES;
				LD_RUNPATH_SEARCH_PATHS = (
					"$(inherited)",
					"@executable_path/Frameworks",
				);
				MARKETING_VERSION = 1.0;
				PRODUCT_BUNDLE_IDENTIFIER = usw.ConsumptionApp.watchkitapp;
				PRODUCT_NAME = "$(TARGET_NAME)";
				SDKROOT = watchos;
				SKIP_INSTALL = YES;
				SWIFT_EMIT_LOC_STRINGS = YES;
				SWIFT_VERSION = 5.0;
				TARGETED_DEVICE_FAMILY = 4;
				WATCHOS_DEPLOYMENT_TARGET = 11.2;
			};
			name = Debug;
		};
		6BB7C9CA2D4FBCC80019709B /* Release */ = {
			isa = XCBuildConfiguration;
			buildSettings = {
				ASSETCATALOG_COMPILER_APPICON_NAME = AppIcon;
				ASSETCATALOG_COMPILER_GLOBAL_ACCENT_COLOR_NAME = AccentColor;
				CODE_SIGN_STYLE = Automatic;
				CURRENT_PROJECT_VERSION = 1;
				DEVELOPMENT_ASSET_PATHS = "\"ConsumptionApp Watch App/Preview Content\"";
				ENABLE_PREVIEWS = YES;
				GENERATE_INFOPLIST_FILE = YES;
				INFOPLIST_KEY_CFBundleDisplayName = ConsumptionApp;
				INFOPLIST_KEY_UISupportedInterfaceOrientations = "UIInterfaceOrientationPortrait UIInterfaceOrientationPortraitUpsideDown";
				INFOPLIST_KEY_WKWatchOnly = YES;
				LD_RUNPATH_SEARCH_PATHS = (
					"$(inherited)",
					"@executable_path/Frameworks",
				);
				MARKETING_VERSION = 1.0;
				PRODUCT_BUNDLE_IDENTIFIER = usw.ConsumptionApp.watchkitapp;
				PRODUCT_NAME = "$(TARGET_NAME)";
				SDKROOT = watchos;
				SKIP_INSTALL = YES;
				SWIFT_EMIT_LOC_STRINGS = YES;
				SWIFT_VERSION = 5.0;
				TARGETED_DEVICE_FAMILY = 4;
				VALIDATE_PRODUCT = YES;
				WATCHOS_DEPLOYMENT_TARGET = 11.2;
			};
			name = Release;
		};
		6BB7C9CD2D4FBCC80019709B /* Debug */ = {
			isa = XCBuildConfiguration;
			buildSettings = {
				CODE_SIGN_STYLE = Automatic;
				CURRENT_PROJECT_VERSION = 1;
				INFOPLIST_KEY_CFBundleDisplayName = ConsumptionApp;
				MARKETING_VERSION = 1.0;
				PRODUCT_BUNDLE_IDENTIFIER = usw.ConsumptionApp;
				PRODUCT_NAME = "$(TARGET_NAME)";
				SDKROOT = iphoneos;
				SWIFT_VERSION = 5.0;
			};
			name = Debug;
		};
		6BB7C9CE2D4FBCC80019709B /* Release */ = {
			isa = XCBuildConfiguration;
			buildSettings = {
				CODE_SIGN_STYLE = Automatic;
				CURRENT_PROJECT_VERSION = 1;
				INFOPLIST_KEY_CFBundleDisplayName = ConsumptionApp;
				MARKETING_VERSION = 1.0;
				PRODUCT_BUNDLE_IDENTIFIER = usw.ConsumptionApp;
				PRODUCT_NAME = "$(TARGET_NAME)";
				SDKROOT = iphoneos;
				SWIFT_VERSION = 5.0;
				VALIDATE_PRODUCT = YES;
			};
			name = Release;
		};
		6BB7C9D02D4FBCC80019709B /* Debug */ = {
			isa = XCBuildConfiguration;
			buildSettings = {
				BUNDLE_LOADER = "$(TEST_HOST)";
				CODE_SIGN_STYLE = Automatic;
				CURRENT_PROJECT_VERSION = 1;
				GENERATE_INFOPLIST_FILE = YES;
				MARKETING_VERSION = 1.0;
				PRODUCT_BUNDLE_IDENTIFIER = "usw.ConsumptionApp-Watch-AppTests";
				PRODUCT_NAME = "$(TARGET_NAME)";
				SDKROOT = watchos;
				SWIFT_EMIT_LOC_STRINGS = NO;
				SWIFT_VERSION = 5.0;
				TARGETED_DEVICE_FAMILY = 4;
				TEST_HOST = "$(BUILT_PRODUCTS_DIR)/ConsumptionApp Watch App.app/$(BUNDLE_EXECUTABLE_FOLDER_PATH)/ConsumptionApp Watch App";
				WATCHOS_DEPLOYMENT_TARGET = 11.2;
			};
			name = Debug;
		};
		6BB7C9D12D4FBCC80019709B /* Release */ = {
			isa = XCBuildConfiguration;
			buildSettings = {
				BUNDLE_LOADER = "$(TEST_HOST)";
				CODE_SIGN_STYLE = Automatic;
				CURRENT_PROJECT_VERSION = 1;
				GENERATE_INFOPLIST_FILE = YES;
				MARKETING_VERSION = 1.0;
				PRODUCT_BUNDLE_IDENTIFIER = "usw.ConsumptionApp-Watch-AppTests";
				PRODUCT_NAME = "$(TARGET_NAME)";
				SDKROOT = watchos;
				SWIFT_EMIT_LOC_STRINGS = NO;
				SWIFT_VERSION = 5.0;
				TARGETED_DEVICE_FAMILY = 4;
				TEST_HOST = "$(BUILT_PRODUCTS_DIR)/ConsumptionApp Watch App.app/$(BUNDLE_EXECUTABLE_FOLDER_PATH)/ConsumptionApp Watch App";
				VALIDATE_PRODUCT = YES;
				WATCHOS_DEPLOYMENT_TARGET = 11.2;
			};
			name = Release;
		};
		6BB7C9D32D4FBCC80019709B /* Debug */ = {
			isa = XCBuildConfiguration;
			buildSettings = {
				CODE_SIGN_STYLE = Automatic;
				CURRENT_PROJECT_VERSION = 1;
				GENERATE_INFOPLIST_FILE = YES;
				MARKETING_VERSION = 1.0;
				PRODUCT_BUNDLE_IDENTIFIER = "usw.ConsumptionApp-Watch-AppUITests";
				PRODUCT_NAME = "$(TARGET_NAME)";
				SDKROOT = watchos;
				SWIFT_EMIT_LOC_STRINGS = NO;
				SWIFT_VERSION = 5.0;
				TARGETED_DEVICE_FAMILY = 4;
				TEST_TARGET_NAME = "ConsumptionApp Watch App";
				WATCHOS_DEPLOYMENT_TARGET = 11.2;
			};
			name = Debug;
		};
		6BB7C9D42D4FBCC80019709B /* Release */ = {
			isa = XCBuildConfiguration;
			buildSettings = {
				CODE_SIGN_STYLE = Automatic;
				CURRENT_PROJECT_VERSION = 1;
				GENERATE_INFOPLIST_FILE = YES;
				MARKETING_VERSION = 1.0;
				PRODUCT_BUNDLE_IDENTIFIER = "usw.ConsumptionApp-Watch-AppUITests";
				PRODUCT_NAME = "$(TARGET_NAME)";
				SDKROOT = watchos;
				SWIFT_EMIT_LOC_STRINGS = NO;
				SWIFT_VERSION = 5.0;
				TARGETED_DEVICE_FAMILY = 4;
				TEST_TARGET_NAME = "ConsumptionApp Watch App";
				VALIDATE_PRODUCT = YES;
				WATCHOS_DEPLOYMENT_TARGET = 11.2;
			};
			name = Release;
		};
/* End XCBuildConfiguration section */

/* Begin XCConfigurationList section */
		6BB7C9992D4FBCC50019709B /* Build configuration list for PBXProject "ConsumptionApp" */ = {
			isa = XCConfigurationList;
			buildConfigurations = (
				6BB7C9C62D4FBCC80019709B /* Debug */,
				6BB7C9C72D4FBCC80019709B /* Release */,
			);
			defaultConfigurationIsVisible = 0;
			defaultConfigurationName = Release;
		};
		6BB7C9C82D4FBCC80019709B /* Build configuration list for PBXNativeTarget "ConsumptionApp Watch App" */ = {
			isa = XCConfigurationList;
			buildConfigurations = (
				6BB7C9C92D4FBCC80019709B /* Debug */,
				6BB7C9CA2D4FBCC80019709B /* Release */,
			);
			defaultConfigurationIsVisible = 0;
			defaultConfigurationName = Release;
		};
		6BB7C9CC2D4FBCC80019709B /* Build configuration list for PBXNativeTarget "ConsumptionApp" */ = {
			isa = XCConfigurationList;
			buildConfigurations = (
				6BB7C9CD2D4FBCC80019709B /* Debug */,
				6BB7C9CE2D4FBCC80019709B /* Release */,
			);
			defaultConfigurationIsVisible = 0;
			defaultConfigurationName = Release;
		};
		6BB7C9CF2D4FBCC80019709B /* Build configuration list for PBXNativeTarget "ConsumptionApp Watch AppTests" */ = {
			isa = XCConfigurationList;
			buildConfigurations = (
				6BB7C9D02D4FBCC80019709B /* Debug */,
				6BB7C9D12D4FBCC80019709B /* Release */,
			);
			defaultConfigurationIsVisible = 0;
			defaultConfigurationName = Release;
		};
		6BB7C9D22D4FBCC80019709B /* Build configuration list for PBXNativeTarget "ConsumptionApp Watch AppUITests" */ = {
			isa = XCConfigurationList;
			buildConfigurations = (
				6BB7C9D32D4FBCC80019709B /* Debug */,
				6BB7C9D42D4FBCC80019709B /* Release */,
			);
			defaultConfigurationIsVisible = 0;
			defaultConfigurationName = Release;
		};
/* End XCConfigurationList section */
	};
	rootObject = 6BB7C9962D4FBCC50019709B /* Project object */;
}
