// !$*UTF8*$!
{
	archiveVersion = 1;
	classes = {
	};
	objectVersion = 56;
	objects = {

/* Begin PBXBuildFile section */
		6BB175BA2D3518B900BE1349 /* HelloWorld Watch App.app in Embed Watch Content */ = {isa = PBXBuildFile; fileRef = 6BB175B92D3518B900BE1349 /* HelloWorld Watch App.app */; settings = {ATTRIBUTES = (RemoveHeadersOnCopy, ); }; };
		6BB175BF2D3518B900BE1349 /* HelloWorldApp.swift in Sources */ = {isa = PBXBuildFile; fileRef = 6BB175BE2D3518B900BE1349 /* HelloWorldApp.swift */; };
		6BB175C12D3518B900BE1349 /* ContentView.swift in Sources */ = {isa = PBXBuildFile; fileRef = 6BB175C02D3518B900BE1349 /* ContentView.swift */; };
		6BB175C32D3518BB00BE1349 /* Assets.xcassets in Resources */ = {isa = PBXBuildFile; fileRef = 6BB175C22D3518BB00BE1349 /* Assets.xcassets */; };
		6BB175C62D3518BB00BE1349 /* Preview Assets.xcassets in Resources */ = {isa = PBXBuildFile; fileRef = 6BB175C52D3518BB00BE1349 /* Preview Assets.xcassets */; };
		6BB175D02D3518BB00BE1349 /* HelloWorld_Watch_AppTests.swift in Sources */ = {isa = PBXBuildFile; fileRef = 6BB175CF2D3518BB00BE1349 /* HelloWorld_Watch_AppTests.swift */; };
		6BB175DA2D3518BB00BE1349 /* HelloWorld_Watch_AppUITests.swift in Sources */ = {isa = PBXBuildFile; fileRef = 6BB175D92D3518BB00BE1349 /* HelloWorld_Watch_AppUITests.swift */; };
		6BB175DC2D3518BB00BE1349 /* HelloWorld_Watch_AppUITestsLaunchTests.swift in Sources */ = {isa = PBXBuildFile; fileRef = 6BB175DB2D3518BB00BE1349 /* HelloWorld_Watch_AppUITestsLaunchTests.swift */; };
/* End PBXBuildFile section */

/* Begin PBXContainerItemProxy section */
		6BB175BB2D3518B900BE1349 /* PBXContainerItemProxy */ = {
			isa = PBXContainerItemProxy;
			containerPortal = 6BB175AD2D3518B800BE1349 /* Project object */;
			proxyType = 1;
			remoteGlobalIDString = 6BB175B82D3518B900BE1349;
			remoteInfo = "HelloWorld Watch App";
		};
		6BB175CC2D3518BB00BE1349 /* PBXContainerItemProxy */ = {
			isa = PBXContainerItemProxy;
			containerPortal = 6BB175AD2D3518B800BE1349 /* Project object */;
			proxyType = 1;
			remoteGlobalIDString = 6BB175B82D3518B900BE1349;
			remoteInfo = "HelloWorld Watch App";
		};
		6BB175D62D3518BB00BE1349 /* PBXContainerItemProxy */ = {
			isa = PBXContainerItemProxy;
			containerPortal = 6BB175AD2D3518B800BE1349 /* Project object */;
			proxyType = 1;
			remoteGlobalIDString = 6BB175B82D3518B900BE1349;
			remoteInfo = "HelloWorld Watch App";
		};
/* End PBXContainerItemProxy section */

/* Begin PBXCopyFilesBuildPhase section */
		6BB175E22D3518BB00BE1349 /* Embed Watch Content */ = {
			isa = PBXCopyFilesBuildPhase;
			buildActionMask = 2147483647;
			dstPath = "$(CONTENTS_FOLDER_PATH)/Watch";
			dstSubfolderSpec = 16;
			files = (
				6BB175BA2D3518B900BE1349 /* HelloWorld Watch App.app in Embed Watch Content */,
			);
			name = "Embed Watch Content";
			runOnlyForDeploymentPostprocessing = 0;
		};
/* End PBXCopyFilesBuildPhase section */

/* Begin PBXFileReference section */
		6BB175B32D3518B900BE1349 /* HelloWorld.app */ = {isa = PBXFileReference; explicitFileType = wrapper.application; includeInIndex = 0; path = HelloWorld.app; sourceTree = BUILT_PRODUCTS_DIR; };
		6BB175B92D3518B900BE1349 /* HelloWorld Watch App.app */ = {isa = PBXFileReference; explicitFileType = wrapper.application; includeInIndex = 0; path = "HelloWorld Watch App.app"; sourceTree = BUILT_PRODUCTS_DIR; };
		6BB175BE2D3518B900BE1349 /* HelloWorldApp.swift */ = {isa = PBXFileReference; lastKnownFileType = sourcecode.swift; path = HelloWorldApp.swift; sourceTree = "<group>"; };
		6BB175C02D3518B900BE1349 /* ContentView.swift */ = {isa = PBXFileReference; lastKnownFileType = sourcecode.swift; path = ContentView.swift; sourceTree = "<group>"; };
		6BB175C22D3518BB00BE1349 /* Assets.xcassets */ = {isa = PBXFileReference; lastKnownFileType = folder.assetcatalog; path = Assets.xcassets; sourceTree = "<group>"; };
		6BB175C52D3518BB00BE1349 /* Preview Assets.xcassets */ = {isa = PBXFileReference; lastKnownFileType = folder.assetcatalog; path = "Preview Assets.xcassets"; sourceTree = "<group>"; };
		6BB175CB2D3518BB00BE1349 /* HelloWorld Watch AppTests.xctest */ = {isa = PBXFileReference; explicitFileType = wrapper.cfbundle; includeInIndex = 0; path = "HelloWorld Watch AppTests.xctest"; sourceTree = BUILT_PRODUCTS_DIR; };
		6BB175CF2D3518BB00BE1349 /* HelloWorld_Watch_AppTests.swift */ = {isa = PBXFileReference; lastKnownFileType = sourcecode.swift; path = HelloWorld_Watch_AppTests.swift; sourceTree = "<group>"; };
		6BB175D52D3518BB00BE1349 /* HelloWorld Watch AppUITests.xctest */ = {isa = PBXFileReference; explicitFileType = wrapper.cfbundle; includeInIndex = 0; path = "HelloWorld Watch AppUITests.xctest"; sourceTree = BUILT_PRODUCTS_DIR; };
		6BB175D92D3518BB00BE1349 /* HelloWorld_Watch_AppUITests.swift */ = {isa = PBXFileReference; lastKnownFileType = sourcecode.swift; path = HelloWorld_Watch_AppUITests.swift; sourceTree = "<group>"; };
		6BB175DB2D3518BB00BE1349 /* HelloWorld_Watch_AppUITestsLaunchTests.swift */ = {isa = PBXFileReference; lastKnownFileType = sourcecode.swift; path = HelloWorld_Watch_AppUITestsLaunchTests.swift; sourceTree = "<group>"; };
/* End PBXFileReference section */

/* Begin PBXFrameworksBuildPhase section */
		6BB175B62D3518B900BE1349 /* Frameworks */ = {
			isa = PBXFrameworksBuildPhase;
			buildActionMask = 2147483647;
			files = (
			);
			runOnlyForDeploymentPostprocessing = 0;
		};
		6BB175C82D3518BB00BE1349 /* Frameworks */ = {
			isa = PBXFrameworksBuildPhase;
			buildActionMask = 2147483647;
			files = (
			);
			runOnlyForDeploymentPostprocessing = 0;
		};
		6BB175D22D3518BB00BE1349 /* Frameworks */ = {
			isa = PBXFrameworksBuildPhase;
			buildActionMask = 2147483647;
			files = (
			);
			runOnlyForDeploymentPostprocessing = 0;
		};
/* End PBXFrameworksBuildPhase section */

/* Begin PBXGroup section */
		6BB175AC2D3518B800BE1349 = {
			isa = PBXGroup;
			children = (
				6BB175BD2D3518B900BE1349 /* HelloWorld Watch App */,
				6BB175CE2D3518BB00BE1349 /* HelloWorld Watch AppTests */,
				6BB175D82D3518BB00BE1349 /* HelloWorld Watch AppUITests */,
				6BB175B42D3518B900BE1349 /* Products */,
			);
			sourceTree = "<group>";
		};
		6BB175B42D3518B900BE1349 /* Products */ = {
			isa = PBXGroup;
			children = (
				6BB175B32D3518B900BE1349 /* HelloWorld.app */,
				6BB175B92D3518B900BE1349 /* HelloWorld Watch App.app */,
				6BB175CB2D3518BB00BE1349 /* HelloWorld Watch AppTests.xctest */,
				6BB175D52D3518BB00BE1349 /* HelloWorld Watch AppUITests.xctest */,
			);
			name = Products;
			sourceTree = "<group>";
		};
		6BB175BD2D3518B900BE1349 /* HelloWorld Watch App */ = {
			isa = PBXGroup;
			children = (
				6BB175BE2D3518B900BE1349 /* HelloWorldApp.swift */,
				6BB175C02D3518B900BE1349 /* ContentView.swift */,
				6BB175C22D3518BB00BE1349 /* Assets.xcassets */,
				6BB175C42D3518BB00BE1349 /* Preview Content */,
			);
			path = "HelloWorld Watch App";
			sourceTree = "<group>";
		};
		6BB175C42D3518BB00BE1349 /* Preview Content */ = {
			isa = PBXGroup;
			children = (
				6BB175C52D3518BB00BE1349 /* Preview Assets.xcassets */,
			);
			path = "Preview Content";
			sourceTree = "<group>";
		};
		6BB175CE2D3518BB00BE1349 /* HelloWorld Watch AppTests */ = {
			isa = PBXGroup;
			children = (
				6BB175CF2D3518BB00BE1349 /* HelloWorld_Watch_AppTests.swift */,
			);
			path = "HelloWorld Watch AppTests";
			sourceTree = "<group>";
		};
		6BB175D82D3518BB00BE1349 /* HelloWorld Watch AppUITests */ = {
			isa = PBXGroup;
			children = (
				6BB175D92D3518BB00BE1349 /* HelloWorld_Watch_AppUITests.swift */,
				6BB175DB2D3518BB00BE1349 /* HelloWorld_Watch_AppUITestsLaunchTests.swift */,
			);
			path = "HelloWorld Watch AppUITests";
			sourceTree = "<group>";
		};
/* End PBXGroup section */

/* Begin PBXNativeTarget section */
		6BB175B22D3518B900BE1349 /* HelloWorld */ = {
			isa = PBXNativeTarget;
			buildConfigurationList = 6BB175E32D3518BB00BE1349 /* Build configuration list for PBXNativeTarget "HelloWorld" */;
			buildPhases = (
				6BB175B12D3518B900BE1349 /* Resources */,
				6BB175E22D3518BB00BE1349 /* Embed Watch Content */,
			);
			buildRules = (
			);
			dependencies = (
				6BB175BC2D3518B900BE1349 /* PBXTargetDependency */,
			);
			name = HelloWorld;
			productName = HelloWorld;
			productReference = 6BB175B32D3518B900BE1349 /* HelloWorld.app */;
			productType = "com.apple.product-type.application.watchapp2-container";
		};
		6BB175B82D3518B900BE1349 /* HelloWorld Watch App */ = {
			isa = PBXNativeTarget;
			buildConfigurationList = 6BB175DF2D3518BB00BE1349 /* Build configuration list for PBXNativeTarget "HelloWorld Watch App" */;
			buildPhases = (
				6BB175B52D3518B900BE1349 /* Sources */,
				6BB175B62D3518B900BE1349 /* Frameworks */,
				6BB175B72D3518B900BE1349 /* Resources */,
			);
			buildRules = (
			);
			dependencies = (
			);
			name = "HelloWorld Watch App";
			productName = "HelloWorld Watch App";
			productReference = 6BB175B92D3518B900BE1349 /* HelloWorld Watch App.app */;
			productType = "com.apple.product-type.application";
		};
		6BB175CA2D3518BB00BE1349 /* HelloWorld Watch AppTests */ = {
			isa = PBXNativeTarget;
			buildConfigurationList = 6BB175E62D3518BB00BE1349 /* Build configuration list for PBXNativeTarget "HelloWorld Watch AppTests" */;
			buildPhases = (
				6BB175C72D3518BB00BE1349 /* Sources */,
				6BB175C82D3518BB00BE1349 /* Frameworks */,
				6BB175C92D3518BB00BE1349 /* Resources */,
			);
			buildRules = (
			);
			dependencies = (
				6BB175CD2D3518BB00BE1349 /* PBXTargetDependency */,
			);
			name = "HelloWorld Watch AppTests";
			productName = "HelloWorld Watch AppTests";
			productReference = 6BB175CB2D3518BB00BE1349 /* HelloWorld Watch AppTests.xctest */;
			productType = "com.apple.product-type.bundle.unit-test";
		};
		6BB175D42D3518BB00BE1349 /* HelloWorld Watch AppUITests */ = {
			isa = PBXNativeTarget;
			buildConfigurationList = 6BB175E92D3518BB00BE1349 /* Build configuration list for PBXNativeTarget "HelloWorld Watch AppUITests" */;
			buildPhases = (
				6BB175D12D3518BB00BE1349 /* Sources */,
				6BB175D22D3518BB00BE1349 /* Frameworks */,
				6BB175D32D3518BB00BE1349 /* Resources */,
			);
			buildRules = (
			);
			dependencies = (
				6BB175D72D3518BB00BE1349 /* PBXTargetDependency */,
			);
			name = "HelloWorld Watch AppUITests";
			productName = "HelloWorld Watch AppUITests";
			productReference = 6BB175D52D3518BB00BE1349 /* HelloWorld Watch AppUITests.xctest */;
			productType = "com.apple.product-type.bundle.ui-testing";
		};
/* End PBXNativeTarget section */

/* Begin PBXProject section */
		6BB175AD2D3518B800BE1349 /* Project object */ = {
			isa = PBXProject;
			attributes = {
				BuildIndependentTargetsInParallel = 1;
				LastSwiftUpdateCheck = 1540;
				LastUpgradeCheck = 1540;
				TargetAttributes = {
					6BB175B22D3518B900BE1349 = {
						CreatedOnToolsVersion = 15.4;
					};
					6BB175B82D3518B900BE1349 = {
						CreatedOnToolsVersion = 15.4;
					};
					6BB175CA2D3518BB00BE1349 = {
						CreatedOnToolsVersion = 15.4;
						TestTargetID = 6BB175B82D3518B900BE1349;
					};
					6BB175D42D3518BB00BE1349 = {
						CreatedOnToolsVersion = 15.4;
						TestTargetID = 6BB175B82D3518B900BE1349;
					};
				};
			};
			buildConfigurationList = 6BB175B02D3518B800BE1349 /* Build configuration list for PBXProject "HelloWorld" */;
			compatibilityVersion = "Xcode 14.0";
			developmentRegion = en;
			hasScannedForEncodings = 0;
			knownRegions = (
				en,
				Base,
			);
			mainGroup = 6BB175AC2D3518B800BE1349;
			productRefGroup = 6BB175B42D3518B900BE1349 /* Products */;
			projectDirPath = "";
			projectRoot = "";
			targets = (
				6BB175B22D3518B900BE1349 /* HelloWorld */,
				6BB175B82D3518B900BE1349 /* HelloWorld Watch App */,
				6BB175CA2D3518BB00BE1349 /* HelloWorld Watch AppTests */,
				6BB175D42D3518BB00BE1349 /* HelloWorld Watch AppUITests */,
			);
		};
/* End PBXProject section */

/* Begin PBXResourcesBuildPhase section */
		6BB175B12D3518B900BE1349 /* Resources */ = {
			isa = PBXResourcesBuildPhase;
			buildActionMask = 2147483647;
			files = (
			);
			runOnlyForDeploymentPostprocessing = 0;
		};
		6BB175B72D3518B900BE1349 /* Resources */ = {
			isa = PBXResourcesBuildPhase;
			buildActionMask = 2147483647;
			files = (
				6BB175C62D3518BB00BE1349 /* Preview Assets.xcassets in Resources */,
				6BB175C32D3518BB00BE1349 /* Assets.xcassets in Resources */,
			);
			runOnlyForDeploymentPostprocessing = 0;
		};
		6BB175C92D3518BB00BE1349 /* Resources */ = {
			isa = PBXResourcesBuildPhase;
			buildActionMask = 2147483647;
			files = (
			);
			runOnlyForDeploymentPostprocessing = 0;
		};
		6BB175D32D3518BB00BE1349 /* Resources */ = {
			isa = PBXResourcesBuildPhase;
			buildActionMask = 2147483647;
			files = (
			);
			runOnlyForDeploymentPostprocessing = 0;
		};
/* End PBXResourcesBuildPhase section */

/* Begin PBXSourcesBuildPhase section */
		6BB175B52D3518B900BE1349 /* Sources */ = {
			isa = PBXSourcesBuildPhase;
			buildActionMask = 2147483647;
			files = (
				6BB175C12D3518B900BE1349 /* ContentView.swift in Sources */,
				6BB175BF2D3518B900BE1349 /* HelloWorldApp.swift in Sources */,
			);
			runOnlyForDeploymentPostprocessing = 0;
		};
		6BB175C72D3518BB00BE1349 /* Sources */ = {
			isa = PBXSourcesBuildPhase;
			buildActionMask = 2147483647;
			files = (
				6BB175D02D3518BB00BE1349 /* HelloWorld_Watch_AppTests.swift in Sources */,
			);
			runOnlyForDeploymentPostprocessing = 0;
		};
		6BB175D12D3518BB00BE1349 /* Sources */ = {
			isa = PBXSourcesBuildPhase;
			buildActionMask = 2147483647;
			files = (
				6BB175DC2D3518BB00BE1349 /* HelloWorld_Watch_AppUITestsLaunchTests.swift in Sources */,
				6BB175DA2D3518BB00BE1349 /* HelloWorld_Watch_AppUITests.swift in Sources */,
			);
			runOnlyForDeploymentPostprocessing = 0;
		};
/* End PBXSourcesBuildPhase section */

/* Begin PBXTargetDependency section */
		6BB175BC2D3518B900BE1349 /* PBXTargetDependency */ = {
			isa = PBXTargetDependency;
			target = 6BB175B82D3518B900BE1349 /* HelloWorld Watch App */;
			targetProxy = 6BB175BB2D3518B900BE1349 /* PBXContainerItemProxy */;
		};
		6BB175CD2D3518BB00BE1349 /* PBXTargetDependency */ = {
			isa = PBXTargetDependency;
			target = 6BB175B82D3518B900BE1349 /* HelloWorld Watch App */;
			targetProxy = 6BB175CC2D3518BB00BE1349 /* PBXContainerItemProxy */;
		};
		6BB175D72D3518BB00BE1349 /* PBXTargetDependency */ = {
			isa = PBXTargetDependency;
			target = 6BB175B82D3518B900BE1349 /* HelloWorld Watch App */;
			targetProxy = 6BB175D62D3518BB00BE1349 /* PBXContainerItemProxy */;
		};
/* End PBXTargetDependency section */

/* Begin XCBuildConfiguration section */
		6BB175DD2D3518BB00BE1349 /* Debug */ = {
			isa = XCBuildConfiguration;
			buildSettings = {
				ALWAYS_SEARCH_USER_PATHS = NO;
				ASSETCATALOG_COMPILER_GENERATE_SWIFT_ASSET_SYMBOL_EXTENSIONS = YES;
				CLANG_ANALYZER_NONNULL = YES;
				CLANG_ANALYZER_NUMBER_OBJECT_CONVERSION = YES_AGGRESSIVE;
				CLANG_CXX_LANGUAGE_STANDARD = "gnu++20";
				CLANG_ENABLE_MODULES = YES;
				CLANG_ENABLE_OBJC_ARC = YES;
				CLANG_ENABLE_OBJC_WEAK = YES;
				CLANG_WARN_BLOCK_CAPTURE_AUTORELEASING = YES;
				CLANG_WARN_BOOL_CONVERSION = YES;
				CLANG_WARN_COMMA = YES;
				CLANG_WARN_CONSTANT_CONVERSION = YES;
				CLANG_WARN_DEPRECATED_OBJC_IMPLEMENTATIONS = YES;
				CLANG_WARN_DIRECT_OBJC_ISA_USAGE = YES_ERROR;
				CLANG_WARN_DOCUMENTATION_COMMENTS = YES;
				CLANG_WARN_EMPTY_BODY = YES;
				CLANG_WARN_ENUM_CONVERSION = YES;
				CLANG_WARN_INFINITE_RECURSION = YES;
				CLANG_WARN_INT_CONVERSION = YES;
				CLANG_WARN_NON_LITERAL_NULL_CONVERSION = YES;
				CLANG_WARN_OBJC_IMPLICIT_RETAIN_SELF = YES;
				CLANG_WARN_OBJC_LITERAL_CONVERSION = YES;
				CLANG_WARN_OBJC_ROOT_CLASS = YES_ERROR;
				CLANG_WARN_QUOTED_INCLUDE_IN_FRAMEWORK_HEADER = YES;
				CLANG_WARN_RANGE_LOOP_ANALYSIS = YES;
				CLANG_WARN_STRICT_PROTOTYPES = YES;
				CLANG_WARN_SUSPICIOUS_MOVE = YES;
				CLANG_WARN_UNGUARDED_AVAILABILITY = YES_AGGRESSIVE;
				CLANG_WARN_UNREACHABLE_CODE = YES;
				CLANG_WARN__DUPLICATE_METHOD_MATCH = YES;
				COPY_PHASE_STRIP = NO;
				DEBUG_INFORMATION_FORMAT = dwarf;
				ENABLE_STRICT_OBJC_MSGSEND = YES;
				ENABLE_TESTABILITY = YES;
				ENABLE_USER_SCRIPT_SANDBOXING = YES;
				GCC_C_LANGUAGE_STANDARD = gnu17;
				GCC_DYNAMIC_NO_PIC = NO;
				GCC_NO_COMMON_BLOCKS = YES;
				GCC_OPTIMIZATION_LEVEL = 0;
				GCC_PREPROCESSOR_DEFINITIONS = (
					"DEBUG=1",
					"$(inherited)",
				);
				GCC_WARN_64_TO_32_BIT_CONVERSION = YES;
				GCC_WARN_ABOUT_RETURN_TYPE = YES_ERROR;
				GCC_WARN_UNDECLARED_SELECTOR = YES;
				GCC_WARN_UNINITIALIZED_AUTOS = YES_AGGRESSIVE;
				GCC_WARN_UNUSED_FUNCTION = YES;
				GCC_WARN_UNUSED_VARIABLE = YES;
				LOCALIZATION_PREFERS_STRING_CATALOGS = YES;
				MTL_ENABLE_DEBUG_INFO = INCLUDE_SOURCE;
				MTL_FAST_MATH = YES;
				ONLY_ACTIVE_ARCH = YES;
				SWIFT_ACTIVE_COMPILATION_CONDITIONS = "DEBUG $(inherited)";
				SWIFT_OPTIMIZATION_LEVEL = "-Onone";
			};
			name = Debug;
		};
		6BB175DE2D3518BB00BE1349 /* Release */ = {
			isa = XCBuildConfiguration;
			buildSettings = {
				ALWAYS_SEARCH_USER_PATHS = NO;
				ASSETCATALOG_COMPILER_GENERATE_SWIFT_ASSET_SYMBOL_EXTENSIONS = YES;
				CLANG_ANALYZER_NONNULL = YES;
				CLANG_ANALYZER_NUMBER_OBJECT_CONVERSION = YES_AGGRESSIVE;
				CLANG_CXX_LANGUAGE_STANDARD = "gnu++20";
				CLANG_ENABLE_MODULES = YES;
				CLANG_ENABLE_OBJC_ARC = YES;
				CLANG_ENABLE_OBJC_WEAK = YES;
				CLANG_WARN_BLOCK_CAPTURE_AUTORELEASING = YES;
				CLANG_WARN_BOOL_CONVERSION = YES;
				CLANG_WARN_COMMA = YES;
				CLANG_WARN_CONSTANT_CONVERSION = YES;
				CLANG_WARN_DEPRECATED_OBJC_IMPLEMENTATIONS = YES;
				CLANG_WARN_DIRECT_OBJC_ISA_USAGE = YES_ERROR;
				CLANG_WARN_DOCUMENTATION_COMMENTS = YES;
				CLANG_WARN_EMPTY_BODY = YES;
				CLANG_WARN_ENUM_CONVERSION = YES;
				CLANG_WARN_INFINITE_RECURSION = YES;
				CLANG_WARN_INT_CONVERSION = YES;
				CLANG_WARN_NON_LITERAL_NULL_CONVERSION = YES;
				CLANG_WARN_OBJC_IMPLICIT_RETAIN_SELF = YES;
				CLANG_WARN_OBJC_LITERAL_CONVERSION = YES;
				CLANG_WARN_OBJC_ROOT_CLASS = YES_ERROR;
				CLANG_WARN_QUOTED_INCLUDE_IN_FRAMEWORK_HEADER = YES;
				CLANG_WARN_RANGE_LOOP_ANALYSIS = YES;
				CLANG_WARN_STRICT_PROTOTYPES = YES;
				CLANG_WARN_SUSPICIOUS_MOVE = YES;
				CLANG_WARN_UNGUARDED_AVAILABILITY = YES_AGGRESSIVE;
				CLANG_WARN_UNREACHABLE_CODE = YES;
				CLANG_WARN__DUPLICATE_METHOD_MATCH = YES;
				COPY_PHASE_STRIP = NO;
				DEBUG_INFORMATION_FORMAT = "dwarf-with-dsym";
				ENABLE_NS_ASSERTIONS = NO;
				ENABLE_STRICT_OBJC_MSGSEND = YES;
				ENABLE_USER_SCRIPT_SANDBOXING = YES;
				GCC_C_LANGUAGE_STANDARD = gnu17;
				GCC_NO_COMMON_BLOCKS = YES;
				GCC_WARN_64_TO_32_BIT_CONVERSION = YES;
				GCC_WARN_ABOUT_RETURN_TYPE = YES_ERROR;
				GCC_WARN_UNDECLARED_SELECTOR = YES;
				GCC_WARN_UNINITIALIZED_AUTOS = YES_AGGRESSIVE;
				GCC_WARN_UNUSED_FUNCTION = YES;
				GCC_WARN_UNUSED_VARIABLE = YES;
				LOCALIZATION_PREFERS_STRING_CATALOGS = YES;
				MTL_ENABLE_DEBUG_INFO = NO;
				MTL_FAST_MATH = YES;
				SWIFT_COMPILATION_MODE = wholemodule;
			};
			name = Release;
		};
		6BB175E02D3518BB00BE1349 /* Debug */ = {
			isa = XCBuildConfiguration;
			buildSettings = {
				ASSETCATALOG_COMPILER_APPICON_NAME = AppIcon;
				ASSETCATALOG_COMPILER_GLOBAL_ACCENT_COLOR_NAME = AccentColor;
				CODE_SIGN_STYLE = Automatic;
				CURRENT_PROJECT_VERSION = 1;
				DEVELOPMENT_ASSET_PATHS = "\"HelloWorld Watch App/Preview Content\"";
				ENABLE_PREVIEWS = YES;
				GENERATE_INFOPLIST_FILE = YES;
				INFOPLIST_KEY_CFBundleDisplayName = HelloWorld;
				INFOPLIST_KEY_UISupportedInterfaceOrientations = "UIInterfaceOrientationPortrait UIInterfaceOrientationPortraitUpsideDown";
				INFOPLIST_KEY_WKWatchOnly = YES;
				LD_RUNPATH_SEARCH_PATHS = (
					"$(inherited)",
					"@executable_path/Frameworks",
				);
				MARKETING_VERSION = 1.0;
				PRODUCT_BUNDLE_IDENTIFIER = uk.ac.southwales.HelloWorld.watchkitapp;
				PRODUCT_NAME = "$(TARGET_NAME)";
				SDKROOT = watchos;
				SKIP_INSTALL = YES;
				SWIFT_EMIT_LOC_STRINGS = YES;
				SWIFT_VERSION = 5.0;
				TARGETED_DEVICE_FAMILY = 4;
				WATCHOS_DEPLOYMENT_TARGET = 10.5;
			};
			name = Debug;
		};
		6BB175E12D3518BB00BE1349 /* Release */ = {
			isa = XCBuildConfiguration;
			buildSettings = {
				ASSETCATALOG_COMPILER_APPICON_NAME = AppIcon;
				ASSETCATALOG_COMPILER_GLOBAL_ACCENT_COLOR_NAME = AccentColor;
				CODE_SIGN_STYLE = Automatic;
				CURRENT_PROJECT_VERSION = 1;
				DEVELOPMENT_ASSET_PATHS = "\"HelloWorld Watch App/Preview Content\"";
				ENABLE_PREVIEWS = YES;
				GENERATE_INFOPLIST_FILE = YES;
				INFOPLIST_KEY_CFBundleDisplayName = HelloWorld;
				INFOPLIST_KEY_UISupportedInterfaceOrientations = "UIInterfaceOrientationPortrait UIInterfaceOrientationPortraitUpsideDown";
				INFOPLIST_KEY_WKWatchOnly = YES;
				LD_RUNPATH_SEARCH_PATHS = (
					"$(inherited)",
					"@executable_path/Frameworks",
				);
				MARKETING_VERSION = 1.0;
				PRODUCT_BUNDLE_IDENTIFIER = uk.ac.southwales.HelloWorld.watchkitapp;
				PRODUCT_NAME = "$(TARGET_NAME)";
				SDKROOT = watchos;
				SKIP_INSTALL = YES;
				SWIFT_EMIT_LOC_STRINGS = YES;
				SWIFT_VERSION = 5.0;
				TARGETED_DEVICE_FAMILY = 4;
				VALIDATE_PRODUCT = YES;
				WATCHOS_DEPLOYMENT_TARGET = 10.5;
			};
			name = Release;
		};
		6BB175E42D3518BB00BE1349 /* Debug */ = {
			isa = XCBuildConfiguration;
			buildSettings = {
				ALWAYS_EMBED_SWIFT_STANDARD_LIBRARIES = YES;
				CODE_SIGN_STYLE = Automatic;
				CURRENT_PROJECT_VERSION = 1;
				INFOPLIST_KEY_CFBundleDisplayName = HelloWorld;
				MARKETING_VERSION = 1.0;
				PRODUCT_BUNDLE_IDENTIFIER = uk.ac.southwales.HelloWorld;
				PRODUCT_NAME = "$(TARGET_NAME)";
				SDKROOT = iphoneos;
				SWIFT_VERSION = 5.0;
			};
			name = Debug;
		};
		6BB175E52D3518BB00BE1349 /* Release */ = {
			isa = XCBuildConfiguration;
			buildSettings = {
				ALWAYS_EMBED_SWIFT_STANDARD_LIBRARIES = YES;
				CODE_SIGN_STYLE = Automatic;
				CURRENT_PROJECT_VERSION = 1;
				INFOPLIST_KEY_CFBundleDisplayName = HelloWorld;
				MARKETING_VERSION = 1.0;
				PRODUCT_BUNDLE_IDENTIFIER = uk.ac.southwales.HelloWorld;
				PRODUCT_NAME = "$(TARGET_NAME)";
				SDKROOT = iphoneos;
				SWIFT_VERSION = 5.0;
				VALIDATE_PRODUCT = YES;
			};
			name = Release;
		};
		6BB175E72D3518BB00BE1349 /* Debug */ = {
			isa = XCBuildConfiguration;
			buildSettings = {
				ALWAYS_EMBED_SWIFT_STANDARD_LIBRARIES = YES;
				BUNDLE_LOADER = "$(TEST_HOST)";
				CODE_SIGN_STYLE = Automatic;
				CURRENT_PROJECT_VERSION = 1;
				GENERATE_INFOPLIST_FILE = YES;
				MARKETING_VERSION = 1.0;
				PRODUCT_BUNDLE_IDENTIFIER = "uk.ac.southwales.HelloWorld-Watch-AppTests";
				PRODUCT_NAME = "$(TARGET_NAME)";
				SDKROOT = watchos;
				SWIFT_EMIT_LOC_STRINGS = NO;
				SWIFT_VERSION = 5.0;
				TARGETED_DEVICE_FAMILY = 4;
				TEST_HOST = "$(BUILT_PRODUCTS_DIR)/HelloWorld Watch App.app/$(BUNDLE_EXECUTABLE_FOLDER_PATH)/HelloWorld Watch App";
				WATCHOS_DEPLOYMENT_TARGET = 10.5;
			};
			name = Debug;
		};
		6BB175E82D3518BB00BE1349 /* Release */ = {
			isa = XCBuildConfiguration;
			buildSettings = {
				ALWAYS_EMBED_SWIFT_STANDARD_LIBRARIES = YES;
				BUNDLE_LOADER = "$(TEST_HOST)";
				CODE_SIGN_STYLE = Automatic;
				CURRENT_PROJECT_VERSION = 1;
				GENERATE_INFOPLIST_FILE = YES;
				MARKETING_VERSION = 1.0;
				PRODUCT_BUNDLE_IDENTIFIER = "uk.ac.southwales.HelloWorld-Watch-AppTests";
				PRODUCT_NAME = "$(TARGET_NAME)";
				SDKROOT = watchos;
				SWIFT_EMIT_LOC_STRINGS = NO;
				SWIFT_VERSION = 5.0;
				TARGETED_DEVICE_FAMILY = 4;
				TEST_HOST = "$(BUILT_PRODUCTS_DIR)/HelloWorld Watch App.app/$(BUNDLE_EXECUTABLE_FOLDER_PATH)/HelloWorld Watch App";
				VALIDATE_PRODUCT = YES;
				WATCHOS_DEPLOYMENT_TARGET = 10.5;
			};
			name = Release;
		};
		6BB175EA2D3518BB00BE1349 /* Debug */ = {
			isa = XCBuildConfiguration;
			buildSettings = {
				ALWAYS_EMBED_SWIFT_STANDARD_LIBRARIES = YES;
				CODE_SIGN_STYLE = Automatic;
				CURRENT_PROJECT_VERSION = 1;
				GENERATE_INFOPLIST_FILE = YES;
				MARKETING_VERSION = 1.0;
				PRODUCT_BUNDLE_IDENTIFIER = "uk.ac.southwales.HelloWorld-Watch-AppUITests";
				PRODUCT_NAME = "$(TARGET_NAME)";
				SDKROOT = watchos;
				SWIFT_EMIT_LOC_STRINGS = NO;
				SWIFT_VERSION = 5.0;
				TARGETED_DEVICE_FAMILY = 4;
				TEST_TARGET_NAME = "HelloWorld Watch App";
				WATCHOS_DEPLOYMENT_TARGET = 10.5;
			};
			name = Debug;
		};
		6BB175EB2D3518BB00BE1349 /* Release */ = {
			isa = XCBuildConfiguration;
			buildSettings = {
				ALWAYS_EMBED_SWIFT_STANDARD_LIBRARIES = YES;
				CODE_SIGN_STYLE = Automatic;
				CURRENT_PROJECT_VERSION = 1;
				GENERATE_INFOPLIST_FILE = YES;
				MARKETING_VERSION = 1.0;
				PRODUCT_BUNDLE_IDENTIFIER = "uk.ac.southwales.HelloWorld-Watch-AppUITests";
				PRODUCT_NAME = "$(TARGET_NAME)";
				SDKROOT = watchos;
				SWIFT_EMIT_LOC_STRINGS = NO;
				SWIFT_VERSION = 5.0;
				TARGETED_DEVICE_FAMILY = 4;
				TEST_TARGET_NAME = "HelloWorld Watch App";
				VALIDATE_PRODUCT = YES;
				WATCHOS_DEPLOYMENT_TARGET = 10.5;
			};
			name = Release;
		};
/* End XCBuildConfiguration section */

/* Begin XCConfigurationList section */
		6BB175B02D3518B800BE1349 /* Build configuration list for PBXProject "HelloWorld" */ = {
			isa = XCConfigurationList;
			buildConfigurations = (
				6BB175DD2D3518BB00BE1349 /* Debug */,
				6BB175DE2D3518BB00BE1349 /* Release */,
			);
			defaultConfigurationIsVisible = 0;
			defaultConfigurationName = Release;
		};
		6BB175DF2D3518BB00BE1349 /* Build configuration list for PBXNativeTarget "HelloWorld Watch App" */ = {
			isa = XCConfigurationList;
			buildConfigurations = (
				6BB175E02D3518BB00BE1349 /* Debug */,
				6BB175E12D3518BB00BE1349 /* Release */,
			);
			defaultConfigurationIsVisible = 0;
			defaultConfigurationName = Release;
		};
		6BB175E32D3518BB00BE1349 /* Build configuration list for PBXNativeTarget "HelloWorld" */ = {
			isa = XCConfigurationList;
			buildConfigurations = (
				6BB175E42D3518BB00BE1349 /* Debug */,
				6BB175E52D3518BB00BE1349 /* Release */,
			);
			defaultConfigurationIsVisible = 0;
			defaultConfigurationName = Release;
		};
		6BB175E62D3518BB00BE1349 /* Build configuration list for PBXNativeTarget "HelloWorld Watch AppTests" */ = {
			isa = XCConfigurationList;
			buildConfigurations = (
				6BB175E72D3518BB00BE1349 /* Debug */,
				6BB175E82D3518BB00BE1349 /* Release */,
			);
			defaultConfigurationIsVisible = 0;
			defaultConfigurationName = Release;
		};
		6BB175E92D3518BB00BE1349 /* Build configuration list for PBXNativeTarget "HelloWorld Watch AppUITests" */ = {
			isa = XCConfigurationList;
			buildConfigurations = (
				6BB175EA2D3518BB00BE1349 /* Debug */,
				6BB175EB2D3518BB00BE1349 /* Release */,
			);
			defaultConfigurationIsVisible = 0;
			defaultConfigurationName = Release;
		};
/* End XCConfigurationList section */
	};
	rootObject = 6BB175AD2D3518B800BE1349 /* Project object */;
}
